// !$*UTF8*$!
{
	archiveVersion = 1;
	classes = {
	};
	objectVersion = 51;
	objects = {

/* Begin PBXBuildFile section */
		2E0A881FF83F7E95116DD6D3 /* Pods_HiveTests.framework in Frameworks */ = {isa = PBXBuildFile; fileRef = BDF9E469B316CB79381EC4FE /* Pods_HiveTests.framework */; };
		49772451280FA31000CA0ECC /* KeychaingHelper.swift in Sources */ = {isa = PBXBuildFile; fileRef = 49772450280FA31000CA0ECC /* KeychaingHelper.swift */; };
		49772453280FADB700CA0ECC /* UserSession.swift in Sources */ = {isa = PBXBuildFile; fileRef = 49772452280FADB700CA0ECC /* UserSession.swift */; };
		49772455280FB96C00CA0ECC /* ProductDetailViewController.swift in Sources */ = {isa = PBXBuildFile; fileRef = 49772454280FB96C00CA0ECC /* ProductDetailViewController.swift */; };
		49772457280FEB9F00CA0ECC /* SementControlExtension.swift in Sources */ = {isa = PBXBuildFile; fileRef = 49772456280FEB9F00CA0ECC /* SementControlExtension.swift */; };
		4977245B2810001A00CA0ECC /* ErrorCode.swift in Sources */ = {isa = PBXBuildFile; fileRef = 4977245A2810001A00CA0ECC /* ErrorCode.swift */; };
		49ADE368281108CC0082FDDC /* Cart.xcdatamodeld in Sources */ = {isa = PBXBuildFile; fileRef = 49ADE366281108CC0082FDDC /* Cart.xcdatamodeld */; };
		49ADE37C28110BAB0082FDDC /* OrderDetail+CoreDataClass.swift in Sources */ = {isa = PBXBuildFile; fileRef = 49ADE37928110BAA0082FDDC /* OrderDetail+CoreDataClass.swift */; };
		49ADE37D28110BAB0082FDDC /* Order+CoreDataClass.swift in Sources */ = {isa = PBXBuildFile; fileRef = 49ADE37A28110BAB0082FDDC /* Order+CoreDataClass.swift */; };
		49ADE37E28110BAB0082FDDC /* Order+CoreDataProperties.swift in Sources */ = {isa = PBXBuildFile; fileRef = 49ADE37728110BAA0082FDDC /* Order+CoreDataProperties.swift */; };
		49ADE37F28110BAB0082FDDC /* OrderProduct+CoreDataClass.swift in Sources */ = {isa = PBXBuildFile; fileRef = 49ADE37628110BAA0082FDDC /* OrderProduct+CoreDataClass.swift */; };
		49ADE38028110BAB0082FDDC /* OrderProduct+CoreDataProperties.swift in Sources */ = {isa = PBXBuildFile; fileRef = 49ADE37828110BAA0082FDDC /* OrderProduct+CoreDataProperties.swift */; };
		49ADE38128110BAB0082FDDC /* OrderDetail+CoreDataProperties.swift in Sources */ = {isa = PBXBuildFile; fileRef = 49ADE37B28110BAB0082FDDC /* OrderDetail+CoreDataProperties.swift */; };
		49ADE38328110C210082FDDC /* CoreDataHelper.swift in Sources */ = {isa = PBXBuildFile; fileRef = 49ADE38228110C210082FDDC /* CoreDataHelper.swift */; };
		49ADE38A2811170F0082FDDC /* OrderDetail+CoreDataProperties.swift in Sources */ = {isa = PBXBuildFile; fileRef = 49ADE3842811170F0082FDDC /* OrderDetail+CoreDataProperties.swift */; };
		49ADE38B2811170F0082FDDC /* Order+CoreDataClass.swift in Sources */ = {isa = PBXBuildFile; fileRef = 49ADE3852811170F0082FDDC /* Order+CoreDataClass.swift */; };
		49ADE38C2811170F0082FDDC /* Order+CoreDataProperties.swift in Sources */ = {isa = PBXBuildFile; fileRef = 49ADE3882811170F0082FDDC /* Order+CoreDataProperties.swift */; };
		49ADE38D2811170F0082FDDC /* OrderProduct+CoreDataClass.swift in Sources */ = {isa = PBXBuildFile; fileRef = 49ADE3862811170F0082FDDC /* OrderProduct+CoreDataClass.swift */; };
		49ADE38E2811170F0082FDDC /* OrderDetail+CoreDataClass.swift in Sources */ = {isa = PBXBuildFile; fileRef = 49ADE3892811170F0082FDDC /* OrderDetail+CoreDataClass.swift */; };
		49ADE38F2811170F0082FDDC /* OrderProduct+CoreDataProperties.swift in Sources */ = {isa = PBXBuildFile; fileRef = 49ADE3872811170F0082FDDC /* OrderProduct+CoreDataProperties.swift */; };
		49ADE391281120B70082FDDC /* OrderViewController.swift in Sources */ = {isa = PBXBuildFile; fileRef = 49ADE390281120B70082FDDC /* OrderViewController.swift */; };
		49ADE393281121A30082FDDC /* OrderItemTableViewCell.swift in Sources */ = {isa = PBXBuildFile; fileRef = 49ADE392281121A30082FDDC /* OrderItemTableViewCell.swift */; };
		49ADE39B281147A00082FDDC /* FooterView.swift in Sources */ = {isa = PBXBuildFile; fileRef = 49ADE39A281147A00082FDDC /* FooterView.swift */; };
		49ADE39D281147AF0082FDDC /* FooterView.xib in Resources */ = {isa = PBXBuildFile; fileRef = 49ADE39C281147AF0082FDDC /* FooterView.xib */; };
		49ADE39F281151590082FDDC /* AlertDisplayer.swift in Sources */ = {isa = PBXBuildFile; fileRef = 49ADE39E281151590082FDDC /* AlertDisplayer.swift */; };
		49ADE3A128115CAF0082FDDC /* OrderRequest.swift in Sources */ = {isa = PBXBuildFile; fileRef = 49ADE3A028115CAF0082FDDC /* OrderRequest.swift */; };
		49ADE3A328115D2F0082FDDC /* OrderEntity.swift in Sources */ = {isa = PBXBuildFile; fileRef = 49ADE3A228115D2F0082FDDC /* OrderEntity.swift */; };
		49ADE3A528116F1E0082FDDC /* OrderCompleteViewController.swift in Sources */ = {isa = PBXBuildFile; fileRef = 49ADE3A428116F1E0082FDDC /* OrderCompleteViewController.swift */; };
		49ADE3A928119A960082FDDC /* ProductsViewControllerViewModel.swift in Sources */ = {isa = PBXBuildFile; fileRef = 49ADE3A828119A960082FDDC /* ProductsViewControllerViewModel.swift */; };
		49C8D27C280E90D800FCFF25 /* AppDelegate.swift in Sources */ = {isa = PBXBuildFile; fileRef = 49C8D27B280E90D800FCFF25 /* AppDelegate.swift */; };
		49C8D27E280E90D800FCFF25 /* SceneDelegate.swift in Sources */ = {isa = PBXBuildFile; fileRef = 49C8D27D280E90D800FCFF25 /* SceneDelegate.swift */; };
		49C8D280280E90D800FCFF25 /* ProductsViewController.swift in Sources */ = {isa = PBXBuildFile; fileRef = 49C8D27F280E90D800FCFF25 /* ProductsViewController.swift */; };
		49C8D283280E90D800FCFF25 /* Main.storyboard in Resources */ = {isa = PBXBuildFile; fileRef = 49C8D281280E90D800FCFF25 /* Main.storyboard */; };
		49C8D285280E90DA00FCFF25 /* Assets.xcassets in Resources */ = {isa = PBXBuildFile; fileRef = 49C8D284280E90DA00FCFF25 /* Assets.xcassets */; };
		49C8D288280E90DA00FCFF25 /* LaunchScreen.storyboard in Resources */ = {isa = PBXBuildFile; fileRef = 49C8D286280E90DA00FCFF25 /* LaunchScreen.storyboard */; };
		49C8D293280E90DB00FCFF25 /* HiveTests.swift in Sources */ = {isa = PBXBuildFile; fileRef = 49C8D292280E90DB00FCFF25 /* HiveTests.swift */; };
		49C8D29E280E90DB00FCFF25 /* HiveUITests.swift in Sources */ = {isa = PBXBuildFile; fileRef = 49C8D29D280E90DB00FCFF25 /* HiveUITests.swift */; };
		49C8D2AC280EA70B00FCFF25 /* LoginViewController.swift in Sources */ = {isa = PBXBuildFile; fileRef = 49C8D2AB280EA70B00FCFF25 /* LoginViewController.swift */; };
		49C8D2AF280EB2BC00FCFF25 /* ColourPalette.swift in Sources */ = {isa = PBXBuildFile; fileRef = 49C8D2AE280EB2BC00FCFF25 /* ColourPalette.swift */; };
		49C8D2B2280EBC2900FCFF25 /* UITextFieldExtension.swift in Sources */ = {isa = PBXBuildFile; fileRef = 49C8D2B1280EBC2900FCFF25 /* UITextFieldExtension.swift */; };
		49C8D2B5280EE1BE00FCFF25 /* Product.swift in Sources */ = {isa = PBXBuildFile; fileRef = 49C8D2B4280EE1BE00FCFF25 /* Product.swift */; };
		49C8D2B8280EE2BC00FCFF25 /* ProductCollectionViewCell.swift in Sources */ = {isa = PBXBuildFile; fileRef = 49C8D2B7280EE2BC00FCFF25 /* ProductCollectionViewCell.swift */; };
		49C8D2BB280EE79000FCFF25 /* DataRepository.swift in Sources */ = {isa = PBXBuildFile; fileRef = 49C8D2BA280EE79000FCFF25 /* DataRepository.swift */; };
		49C8D2BE280EEAFF00FCFF25 /* LoginResponse.swift in Sources */ = {isa = PBXBuildFile; fileRef = 49C8D2BD280EEAFF00FCFF25 /* LoginResponse.swift */; };
		49C8D2C1280EF06900FCFF25 /* LoginRequest.swift in Sources */ = {isa = PBXBuildFile; fileRef = 49C8D2C0280EF06900FCFF25 /* LoginRequest.swift */; };
		49C8D2C3280F0DCE00FCFF25 /* ProductResponse.swift in Sources */ = {isa = PBXBuildFile; fileRef = 49C8D2C2280F0DCE00FCFF25 /* ProductResponse.swift */; };
		818FFB75B35A5AEAA8606003 /* Pods_Hive_HiveUITests.framework in Frameworks */ = {isa = PBXBuildFile; fileRef = 72E809F3FDAFEB53E1BC0A96 /* Pods_Hive_HiveUITests.framework */; };
		CBB482D21C2EAB46363CD12C /* Pods_Hive.framework in Frameworks */ = {isa = PBXBuildFile; fileRef = 42C01BFDBF7513D9BA771C6C /* Pods_Hive.framework */; };
/* End PBXBuildFile section */

/* Begin PBXContainerItemProxy section */
		49C8D28F280E90DB00FCFF25 /* PBXContainerItemProxy */ = {
			isa = PBXContainerItemProxy;
			containerPortal = 49C8D270280E90D800FCFF25 /* Project object */;
			proxyType = 1;
			remoteGlobalIDString = 49C8D277280E90D800FCFF25;
			remoteInfo = Hive;
		};
		49C8D29A280E90DB00FCFF25 /* PBXContainerItemProxy */ = {
			isa = PBXContainerItemProxy;
			containerPortal = 49C8D270280E90D800FCFF25 /* Project object */;
			proxyType = 1;
			remoteGlobalIDString = 49C8D277280E90D800FCFF25;
			remoteInfo = Hive;
		};
/* End PBXContainerItemProxy section */

/* Begin PBXFileReference section */
		42C01BFDBF7513D9BA771C6C /* Pods_Hive.framework */ = {isa = PBXFileReference; explicitFileType = wrapper.framework; includeInIndex = 0; path = Pods_Hive.framework; sourceTree = BUILT_PRODUCTS_DIR; };
		49772450280FA31000CA0ECC /* KeychaingHelper.swift */ = {isa = PBXFileReference; lastKnownFileType = sourcecode.swift; path = KeychaingHelper.swift; sourceTree = "<group>"; };
		49772452280FADB700CA0ECC /* UserSession.swift */ = {isa = PBXFileReference; lastKnownFileType = sourcecode.swift; path = UserSession.swift; sourceTree = "<group>"; };
		49772454280FB96C00CA0ECC /* ProductDetailViewController.swift */ = {isa = PBXFileReference; lastKnownFileType = sourcecode.swift; path = ProductDetailViewController.swift; sourceTree = "<group>"; };
		49772456280FEB9F00CA0ECC /* SementControlExtension.swift */ = {isa = PBXFileReference; lastKnownFileType = sourcecode.swift; path = SementControlExtension.swift; sourceTree = "<group>"; };
		4977245A2810001A00CA0ECC /* ErrorCode.swift */ = {isa = PBXFileReference; lastKnownFileType = sourcecode.swift; path = ErrorCode.swift; sourceTree = "<group>"; };
		49ADE367281108CC0082FDDC /* Cart.xcdatamodel */ = {isa = PBXFileReference; lastKnownFileType = wrapper.xcdatamodel; path = Cart.xcdatamodel; sourceTree = "<group>"; };
		49ADE37628110BAA0082FDDC /* OrderProduct+CoreDataClass.swift */ = {isa = PBXFileReference; lastKnownFileType = sourcecode.swift; name = "OrderProduct+CoreDataClass.swift"; path = "/Users/seintsan/Documents/IOSProjects/Hive/Hive/model/OrderProduct+CoreDataClass.swift"; sourceTree = "<absolute>"; };
		49ADE37728110BAA0082FDDC /* Order+CoreDataProperties.swift */ = {isa = PBXFileReference; lastKnownFileType = sourcecode.swift; name = "Order+CoreDataProperties.swift"; path = "/Users/seintsan/Documents/IOSProjects/Hive/Hive/model/Order+CoreDataProperties.swift"; sourceTree = "<absolute>"; };
		49ADE37828110BAA0082FDDC /* OrderProduct+CoreDataProperties.swift */ = {isa = PBXFileReference; lastKnownFileType = sourcecode.swift; name = "OrderProduct+CoreDataProperties.swift"; path = "/Users/seintsan/Documents/IOSProjects/Hive/Hive/model/OrderProduct+CoreDataProperties.swift"; sourceTree = "<absolute>"; };
		49ADE37928110BAA0082FDDC /* OrderDetail+CoreDataClass.swift */ = {isa = PBXFileReference; lastKnownFileType = sourcecode.swift; name = "OrderDetail+CoreDataClass.swift"; path = "/Users/seintsan/Documents/IOSProjects/Hive/Hive/model/OrderDetail+CoreDataClass.swift"; sourceTree = "<absolute>"; };
		49ADE37A28110BAB0082FDDC /* Order+CoreDataClass.swift */ = {isa = PBXFileReference; lastKnownFileType = sourcecode.swift; name = "Order+CoreDataClass.swift"; path = "/Users/seintsan/Documents/IOSProjects/Hive/Hive/model/Order+CoreDataClass.swift"; sourceTree = "<absolute>"; };
		49ADE37B28110BAB0082FDDC /* OrderDetail+CoreDataProperties.swift */ = {isa = PBXFileReference; lastKnownFileType = sourcecode.swift; name = "OrderDetail+CoreDataProperties.swift"; path = "/Users/seintsan/Documents/IOSProjects/Hive/Hive/model/OrderDetail+CoreDataProperties.swift"; sourceTree = "<absolute>"; };
		49ADE38228110C210082FDDC /* CoreDataHelper.swift */ = {isa = PBXFileReference; lastKnownFileType = sourcecode.swift; path = CoreDataHelper.swift; sourceTree = "<group>"; };
		49ADE3842811170F0082FDDC /* OrderDetail+CoreDataProperties.swift */ = {isa = PBXFileReference; lastKnownFileType = sourcecode.swift; name = "OrderDetail+CoreDataProperties.swift"; path = "/Users/seintsan/Documents/IOSProjects/Hive/Hive/model/OrderDetail+CoreDataProperties.swift"; sourceTree = "<absolute>"; };
		49ADE3852811170F0082FDDC /* Order+CoreDataClass.swift */ = {isa = PBXFileReference; lastKnownFileType = sourcecode.swift; name = "Order+CoreDataClass.swift"; path = "/Users/seintsan/Documents/IOSProjects/Hive/Hive/model/Order+CoreDataClass.swift"; sourceTree = "<absolute>"; };
		49ADE3862811170F0082FDDC /* OrderProduct+CoreDataClass.swift */ = {isa = PBXFileReference; lastKnownFileType = sourcecode.swift; name = "OrderProduct+CoreDataClass.swift"; path = "/Users/seintsan/Documents/IOSProjects/Hive/Hive/model/OrderProduct+CoreDataClass.swift"; sourceTree = "<absolute>"; };
		49ADE3872811170F0082FDDC /* OrderProduct+CoreDataProperties.swift */ = {isa = PBXFileReference; lastKnownFileType = sourcecode.swift; name = "OrderProduct+CoreDataProperties.swift"; path = "/Users/seintsan/Documents/IOSProjects/Hive/Hive/model/OrderProduct+CoreDataProperties.swift"; sourceTree = "<absolute>"; };
		49ADE3882811170F0082FDDC /* Order+CoreDataProperties.swift */ = {isa = PBXFileReference; lastKnownFileType = sourcecode.swift; name = "Order+CoreDataProperties.swift"; path = "/Users/seintsan/Documents/IOSProjects/Hive/Hive/model/Order+CoreDataProperties.swift"; sourceTree = "<absolute>"; };
		49ADE3892811170F0082FDDC /* OrderDetail+CoreDataClass.swift */ = {isa = PBXFileReference; lastKnownFileType = sourcecode.swift; name = "OrderDetail+CoreDataClass.swift"; path = "/Users/seintsan/Documents/IOSProjects/Hive/Hive/model/OrderDetail+CoreDataClass.swift"; sourceTree = "<absolute>"; };
		49ADE390281120B70082FDDC /* OrderViewController.swift */ = {isa = PBXFileReference; lastKnownFileType = sourcecode.swift; path = OrderViewController.swift; sourceTree = "<group>"; };
		49ADE392281121A30082FDDC /* OrderItemTableViewCell.swift */ = {isa = PBXFileReference; lastKnownFileType = sourcecode.swift; path = OrderItemTableViewCell.swift; sourceTree = "<group>"; };
		49ADE39A281147A00082FDDC /* FooterView.swift */ = {isa = PBXFileReference; lastKnownFileType = sourcecode.swift; path = FooterView.swift; sourceTree = "<group>"; };
		49ADE39C281147AF0082FDDC /* FooterView.xib */ = {isa = PBXFileReference; lastKnownFileType = file.xib; path = FooterView.xib; sourceTree = "<group>"; };
		49ADE39E281151590082FDDC /* AlertDisplayer.swift */ = {isa = PBXFileReference; lastKnownFileType = sourcecode.swift; path = AlertDisplayer.swift; sourceTree = "<group>"; };
		49ADE3A028115CAF0082FDDC /* OrderRequest.swift */ = {isa = PBXFileReference; lastKnownFileType = sourcecode.swift; path = OrderRequest.swift; sourceTree = "<group>"; };
		49ADE3A228115D2F0082FDDC /* OrderEntity.swift */ = {isa = PBXFileReference; lastKnownFileType = sourcecode.swift; path = OrderEntity.swift; sourceTree = "<group>"; };
		49ADE3A428116F1E0082FDDC /* OrderCompleteViewController.swift */ = {isa = PBXFileReference; lastKnownFileType = sourcecode.swift; path = OrderCompleteViewController.swift; sourceTree = "<group>"; };
		49ADE3A828119A960082FDDC /* ProductsViewControllerViewModel.swift */ = {isa = PBXFileReference; lastKnownFileType = sourcecode.swift; path = ProductsViewControllerViewModel.swift; sourceTree = "<group>"; };
		49C8D278280E90D800FCFF25 /* Hive.app */ = {isa = PBXFileReference; explicitFileType = wrapper.application; includeInIndex = 0; path = Hive.app; sourceTree = BUILT_PRODUCTS_DIR; };
		49C8D27B280E90D800FCFF25 /* AppDelegate.swift */ = {isa = PBXFileReference; lastKnownFileType = sourcecode.swift; path = AppDelegate.swift; sourceTree = "<group>"; };
		49C8D27D280E90D800FCFF25 /* SceneDelegate.swift */ = {isa = PBXFileReference; lastKnownFileType = sourcecode.swift; path = SceneDelegate.swift; sourceTree = "<group>"; };
		49C8D27F280E90D800FCFF25 /* ProductsViewController.swift */ = {isa = PBXFileReference; lastKnownFileType = sourcecode.swift; path = ProductsViewController.swift; sourceTree = "<group>"; };
		49C8D282280E90D800FCFF25 /* Base */ = {isa = PBXFileReference; lastKnownFileType = file.storyboard; name = Base; path = Base.lproj/Main.storyboard; sourceTree = "<group>"; };
		49C8D284280E90DA00FCFF25 /* Assets.xcassets */ = {isa = PBXFileReference; lastKnownFileType = folder.assetcatalog; path = Assets.xcassets; sourceTree = "<group>"; };
		49C8D287280E90DA00FCFF25 /* Base */ = {isa = PBXFileReference; lastKnownFileType = file.storyboard; name = Base; path = Base.lproj/LaunchScreen.storyboard; sourceTree = "<group>"; };
		49C8D289280E90DA00FCFF25 /* Info.plist */ = {isa = PBXFileReference; lastKnownFileType = text.plist.xml; path = Info.plist; sourceTree = "<group>"; };
		49C8D28E280E90DB00FCFF25 /* HiveTests.xctest */ = {isa = PBXFileReference; explicitFileType = wrapper.cfbundle; includeInIndex = 0; path = HiveTests.xctest; sourceTree = BUILT_PRODUCTS_DIR; };
		49C8D292280E90DB00FCFF25 /* HiveTests.swift */ = {isa = PBXFileReference; lastKnownFileType = sourcecode.swift; path = HiveTests.swift; sourceTree = "<group>"; };
		49C8D294280E90DB00FCFF25 /* Info.plist */ = {isa = PBXFileReference; lastKnownFileType = text.plist.xml; path = Info.plist; sourceTree = "<group>"; };
		49C8D299280E90DB00FCFF25 /* HiveUITests.xctest */ = {isa = PBXFileReference; explicitFileType = wrapper.cfbundle; includeInIndex = 0; path = HiveUITests.xctest; sourceTree = BUILT_PRODUCTS_DIR; };
		49C8D29D280E90DB00FCFF25 /* HiveUITests.swift */ = {isa = PBXFileReference; lastKnownFileType = sourcecode.swift; path = HiveUITests.swift; sourceTree = "<group>"; };
		49C8D29F280E90DB00FCFF25 /* Info.plist */ = {isa = PBXFileReference; lastKnownFileType = text.plist.xml; path = Info.plist; sourceTree = "<group>"; };
		49C8D2AB280EA70B00FCFF25 /* LoginViewController.swift */ = {isa = PBXFileReference; lastKnownFileType = sourcecode.swift; path = LoginViewController.swift; sourceTree = "<group>"; };
		49C8D2AE280EB2BC00FCFF25 /* ColourPalette.swift */ = {isa = PBXFileReference; lastKnownFileType = sourcecode.swift; path = ColourPalette.swift; sourceTree = "<group>"; };
		49C8D2B1280EBC2900FCFF25 /* UITextFieldExtension.swift */ = {isa = PBXFileReference; lastKnownFileType = sourcecode.swift; path = UITextFieldExtension.swift; sourceTree = "<group>"; };
		49C8D2B4280EE1BE00FCFF25 /* Product.swift */ = {isa = PBXFileReference; lastKnownFileType = sourcecode.swift; path = Product.swift; sourceTree = "<group>"; };
		49C8D2B7280EE2BC00FCFF25 /* ProductCollectionViewCell.swift */ = {isa = PBXFileReference; lastKnownFileType = sourcecode.swift; path = ProductCollectionViewCell.swift; sourceTree = "<group>"; };
		49C8D2BA280EE79000FCFF25 /* DataRepository.swift */ = {isa = PBXFileReference; lastKnownFileType = sourcecode.swift; path = DataRepository.swift; sourceTree = "<group>"; };
		49C8D2BD280EEAFF00FCFF25 /* LoginResponse.swift */ = {isa = PBXFileReference; lastKnownFileType = sourcecode.swift; path = LoginResponse.swift; sourceTree = "<group>"; };
		49C8D2C0280EF06900FCFF25 /* LoginRequest.swift */ = {isa = PBXFileReference; lastKnownFileType = sourcecode.swift; path = LoginRequest.swift; sourceTree = "<group>"; };
		49C8D2C2280F0DCE00FCFF25 /* ProductResponse.swift */ = {isa = PBXFileReference; lastKnownFileType = sourcecode.swift; path = ProductResponse.swift; sourceTree = "<group>"; };
		615C9746D7159334F6E9ED7C /* Pods-Hive-HiveUITests.release.xcconfig */ = {isa = PBXFileReference; includeInIndex = 1; lastKnownFileType = text.xcconfig; name = "Pods-Hive-HiveUITests.release.xcconfig"; path = "Target Support Files/Pods-Hive-HiveUITests/Pods-Hive-HiveUITests.release.xcconfig"; sourceTree = "<group>"; };
		6E88104FED51F5EE4FE2E651 /* Pods-HiveTests.debug.xcconfig */ = {isa = PBXFileReference; includeInIndex = 1; lastKnownFileType = text.xcconfig; name = "Pods-HiveTests.debug.xcconfig"; path = "Target Support Files/Pods-HiveTests/Pods-HiveTests.debug.xcconfig"; sourceTree = "<group>"; };
		72E809F3FDAFEB53E1BC0A96 /* Pods_Hive_HiveUITests.framework */ = {isa = PBXFileReference; explicitFileType = wrapper.framework; includeInIndex = 0; path = Pods_Hive_HiveUITests.framework; sourceTree = BUILT_PRODUCTS_DIR; };
		7FBEA45C43BA1C7746048182 /* Pods-Hive.debug.xcconfig */ = {isa = PBXFileReference; includeInIndex = 1; lastKnownFileType = text.xcconfig; name = "Pods-Hive.debug.xcconfig"; path = "Target Support Files/Pods-Hive/Pods-Hive.debug.xcconfig"; sourceTree = "<group>"; };
		81FBD80EE7C179F13B6CECFB /* Pods-HiveTests.release.xcconfig */ = {isa = PBXFileReference; includeInIndex = 1; lastKnownFileType = text.xcconfig; name = "Pods-HiveTests.release.xcconfig"; path = "Target Support Files/Pods-HiveTests/Pods-HiveTests.release.xcconfig"; sourceTree = "<group>"; };
		A075416693F36FF8AC578A76 /* Pods-Hive.release.xcconfig */ = {isa = PBXFileReference; includeInIndex = 1; lastKnownFileType = text.xcconfig; name = "Pods-Hive.release.xcconfig"; path = "Target Support Files/Pods-Hive/Pods-Hive.release.xcconfig"; sourceTree = "<group>"; };
		AA2879A1F1A01FC96953BAA3 /* Pods-Hive-HiveUITests.debug.xcconfig */ = {isa = PBXFileReference; includeInIndex = 1; lastKnownFileType = text.xcconfig; name = "Pods-Hive-HiveUITests.debug.xcconfig"; path = "Target Support Files/Pods-Hive-HiveUITests/Pods-Hive-HiveUITests.debug.xcconfig"; sourceTree = "<group>"; };
		BDF9E469B316CB79381EC4FE /* Pods_HiveTests.framework */ = {isa = PBXFileReference; explicitFileType = wrapper.framework; includeInIndex = 0; path = Pods_HiveTests.framework; sourceTree = BUILT_PRODUCTS_DIR; };
/* End PBXFileReference section */

/* Begin PBXFrameworksBuildPhase section */
		49C8D275280E90D800FCFF25 /* Frameworks */ = {
			isa = PBXFrameworksBuildPhase;
			buildActionMask = 2147483647;
			files = (
				CBB482D21C2EAB46363CD12C /* Pods_Hive.framework in Frameworks */,
			);
			runOnlyForDeploymentPostprocessing = 0;
		};
		49C8D28B280E90DB00FCFF25 /* Frameworks */ = {
			isa = PBXFrameworksBuildPhase;
			buildActionMask = 2147483647;
			files = (
				2E0A881FF83F7E95116DD6D3 /* Pods_HiveTests.framework in Frameworks */,
			);
			runOnlyForDeploymentPostprocessing = 0;
		};
		49C8D296280E90DB00FCFF25 /* Frameworks */ = {
			isa = PBXFrameworksBuildPhase;
			buildActionMask = 2147483647;
			files = (
				818FFB75B35A5AEAA8606003 /* Pods_Hive_HiveUITests.framework in Frameworks */,
			);
			runOnlyForDeploymentPostprocessing = 0;
		};
/* End PBXFrameworksBuildPhase section */

/* Begin PBXGroup section */
		0FAC2ACE6456110980B2C8AA /* Pods */ = {
			isa = PBXGroup;
			children = (
				7FBEA45C43BA1C7746048182 /* Pods-Hive.debug.xcconfig */,
				A075416693F36FF8AC578A76 /* Pods-Hive.release.xcconfig */,
				AA2879A1F1A01FC96953BAA3 /* Pods-Hive-HiveUITests.debug.xcconfig */,
				615C9746D7159334F6E9ED7C /* Pods-Hive-HiveUITests.release.xcconfig */,
				6E88104FED51F5EE4FE2E651 /* Pods-HiveTests.debug.xcconfig */,
				81FBD80EE7C179F13B6CECFB /* Pods-HiveTests.release.xcconfig */,
			);
			path = Pods;
			sourceTree = "<group>";
		};
		49ADE36928110B650082FDDC /* coreDataModel */ = {
			isa = PBXGroup;
			children = (
				49ADE3862811170F0082FDDC /* OrderProduct+CoreDataClass.swift */,
				49ADE3872811170F0082FDDC /* OrderProduct+CoreDataProperties.swift */,
				49ADE37828110BAA0082FDDC /* OrderProduct+CoreDataProperties.swift */,
				49ADE3852811170F0082FDDC /* Order+CoreDataClass.swift */,
				49ADE37A28110BAB0082FDDC /* Order+CoreDataClass.swift */,
				49ADE3882811170F0082FDDC /* Order+CoreDataProperties.swift */,
				49ADE37728110BAA0082FDDC /* Order+CoreDataProperties.swift */,
				49ADE37928110BAA0082FDDC /* OrderDetail+CoreDataClass.swift */,
				49ADE37B28110BAB0082FDDC /* OrderDetail+CoreDataProperties.swift */,
				49ADE3842811170F0082FDDC /* OrderDetail+CoreDataProperties.swift */,
				49ADE3892811170F0082FDDC /* OrderDetail+CoreDataClass.swift */,
				49ADE37628110BAA0082FDDC /* OrderProduct+CoreDataClass.swift */,
			);
			path = coreDataModel;
			sourceTree = "<group>";
		};
		49ADE3A728119A470082FDDC /* viewModel */ = {
			isa = PBXGroup;
			children = (
				49ADE3A828119A960082FDDC /* ProductsViewControllerViewModel.swift */,
			);
			path = viewModel;
			sourceTree = "<group>";
		};
		49C8D26F280E90D800FCFF25 = {
			isa = PBXGroup;
			children = (
				49ADE366281108CC0082FDDC /* Cart.xcdatamodeld */,
				49C8D27A280E90D800FCFF25 /* Hive */,
				49C8D291280E90DB00FCFF25 /* HiveTests */,
				49C8D29C280E90DB00FCFF25 /* HiveUITests */,
				49C8D279280E90D800FCFF25 /* Products */,
				0FAC2ACE6456110980B2C8AA /* Pods */,
				9447A2DB996C14DE9E1C661A /* Frameworks */,
			);
			sourceTree = "<group>";
		};
		49C8D279280E90D800FCFF25 /* Products */ = {
			isa = PBXGroup;
			children = (
				49C8D278280E90D800FCFF25 /* Hive.app */,
				49C8D28E280E90DB00FCFF25 /* HiveTests.xctest */,
				49C8D299280E90DB00FCFF25 /* HiveUITests.xctest */,
			);
			name = Products;
			sourceTree = "<group>";
		};
		49C8D27A280E90D800FCFF25 /* Hive */ = {
			isa = PBXGroup;
			children = (
				49ADE3A728119A470082FDDC /* viewModel */,
				49C8D2B9280EE77900FCFF25 /* networking */,
				49C8D2B6280EE2A600FCFF25 /* customViews */,
				49C8D2B3280EE1B000FCFF25 /* model */,
				49C8D2B0280EBC0E00FCFF25 /* extensions */,
				49C8D2AD280EB2A100FCFF25 /* Contstant */,
				49C8D27B280E90D800FCFF25 /* AppDelegate.swift */,
				49C8D27D280E90D800FCFF25 /* SceneDelegate.swift */,
				49C8D27F280E90D800FCFF25 /* ProductsViewController.swift */,
				49C8D281280E90D800FCFF25 /* Main.storyboard */,
				49C8D284280E90DA00FCFF25 /* Assets.xcassets */,
				49C8D286280E90DA00FCFF25 /* LaunchScreen.storyboard */,
				49C8D289280E90DA00FCFF25 /* Info.plist */,
				49ADE390281120B70082FDDC /* OrderViewController.swift */,
				49C8D2AB280EA70B00FCFF25 /* LoginViewController.swift */,
				49772454280FB96C00CA0ECC /* ProductDetailViewController.swift */,
				49ADE38228110C210082FDDC /* CoreDataHelper.swift */,
				49ADE3A428116F1E0082FDDC /* OrderCompleteViewController.swift */,
			);
			path = Hive;
			sourceTree = "<group>";
		};
		49C8D291280E90DB00FCFF25 /* HiveTests */ = {
			isa = PBXGroup;
			children = (
				49C8D292280E90DB00FCFF25 /* HiveTests.swift */,
				49C8D294280E90DB00FCFF25 /* Info.plist */,
			);
			path = HiveTests;
			sourceTree = "<group>";
		};
		49C8D29C280E90DB00FCFF25 /* HiveUITests */ = {
			isa = PBXGroup;
			children = (
				49C8D29D280E90DB00FCFF25 /* HiveUITests.swift */,
				49C8D29F280E90DB00FCFF25 /* Info.plist */,
			);
			path = HiveUITests;
			sourceTree = "<group>";
		};
		49C8D2AD280EB2A100FCFF25 /* Contstant */ = {
			isa = PBXGroup;
			children = (
				49C8D2AE280EB2BC00FCFF25 /* ColourPalette.swift */,
				49772450280FA31000CA0ECC /* KeychaingHelper.swift */,
				49772452280FADB700CA0ECC /* UserSession.swift */,
			);
			path = Contstant;
			sourceTree = "<group>";
		};
		49C8D2B0280EBC0E00FCFF25 /* extensions */ = {
			isa = PBXGroup;
			children = (
				49C8D2B1280EBC2900FCFF25 /* UITextFieldExtension.swift */,
				49772456280FEB9F00CA0ECC /* SementControlExtension.swift */,
			);
			path = extensions;
			sourceTree = "<group>";
		};
		49C8D2B3280EE1B000FCFF25 /* model */ = {
			isa = PBXGroup;
			children = (
				49ADE36928110B650082FDDC /* coreDataModel */,
			);
			path = model;
			sourceTree = "<group>";
		};
		49C8D2B6280EE2A600FCFF25 /* customViews */ = {
			isa = PBXGroup;
			children = (
				49C8D2B7280EE2BC00FCFF25 /* ProductCollectionViewCell.swift */,
				49ADE392281121A30082FDDC /* OrderItemTableViewCell.swift */,
				49ADE39A281147A00082FDDC /* FooterView.swift */,
				49ADE39C281147AF0082FDDC /* FooterView.xib */,
				49ADE39E281151590082FDDC /* AlertDisplayer.swift */,
			);
			path = customViews;
			sourceTree = "<group>";
		};
		49C8D2B9280EE77900FCFF25 /* networking */ = {
			isa = PBXGroup;
			children = (
				49C8D2BF280EF05300FCFF25 /* networkRequest */,
				49C8D2BC280EEAE600FCFF25 /* newworkResponse */,
				49C8D2BA280EE79000FCFF25 /* DataRepository.swift */,
				4977245A2810001A00CA0ECC /* ErrorCode.swift */,
			);
			path = networking;
			sourceTree = "<group>";
		};
		49C8D2BC280EEAE600FCFF25 /* newworkResponse */ = {
			isa = PBXGroup;
			children = (
				49C8D2B4280EE1BE00FCFF25 /* Product.swift */,
				49C8D2BD280EEAFF00FCFF25 /* LoginResponse.swift */,
				49C8D2C2280F0DCE00FCFF25 /* ProductResponse.swift */,
			);
			path = newworkResponse;
			sourceTree = "<group>";
		};
		49C8D2BF280EF05300FCFF25 /* networkRequest */ = {
			isa = PBXGroup;
			children = (
				49C8D2C0280EF06900FCFF25 /* LoginRequest.swift */,
				49ADE3A228115D2F0082FDDC /* OrderEntity.swift */,
				49ADE3A028115CAF0082FDDC /* OrderRequest.swift */,
			);
			path = networkRequest;
			sourceTree = "<group>";
		};
		9447A2DB996C14DE9E1C661A /* Frameworks */ = {
			isa = PBXGroup;
			children = (
				42C01BFDBF7513D9BA771C6C /* Pods_Hive.framework */,
				72E809F3FDAFEB53E1BC0A96 /* Pods_Hive_HiveUITests.framework */,
				BDF9E469B316CB79381EC4FE /* Pods_HiveTests.framework */,
			);
			name = Frameworks;
			sourceTree = "<group>";
		};
/* End PBXGroup section */

/* Begin PBXNativeTarget section */
		49C8D277280E90D800FCFF25 /* Hive */ = {
			isa = PBXNativeTarget;
			buildConfigurationList = 49C8D2A2280E90DB00FCFF25 /* Build configuration list for PBXNativeTarget "Hive" */;
			buildPhases = (
				DF57A2EDA5B4F8CF4EA2DF98 /* [CP] Check Pods Manifest.lock */,
				49C8D274280E90D800FCFF25 /* Sources */,
				49C8D275280E90D800FCFF25 /* Frameworks */,
				49C8D276280E90D800FCFF25 /* Resources */,
				6174DD12C706634632734170 /* [CP] Embed Pods Frameworks */,
			);
			buildRules = (
			);
			dependencies = (
			);
			name = Hive;
			productName = Hive;
			productReference = 49C8D278280E90D800FCFF25 /* Hive.app */;
			productType = "com.apple.product-type.application";
		};
		49C8D28D280E90DB00FCFF25 /* HiveTests */ = {
			isa = PBXNativeTarget;
			buildConfigurationList = 49C8D2A5280E90DB00FCFF25 /* Build configuration list for PBXNativeTarget "HiveTests" */;
			buildPhases = (
				ABEFBA6C096CC25ABCBFBCC8 /* [CP] Check Pods Manifest.lock */,
				49C8D28A280E90DB00FCFF25 /* Sources */,
				49C8D28B280E90DB00FCFF25 /* Frameworks */,
				49C8D28C280E90DB00FCFF25 /* Resources */,
			);
			buildRules = (
			);
			dependencies = (
				49C8D290280E90DB00FCFF25 /* PBXTargetDependency */,
			);
			name = HiveTests;
			productName = HiveTests;
			productReference = 49C8D28E280E90DB00FCFF25 /* HiveTests.xctest */;
			productType = "com.apple.product-type.bundle.unit-test";
		};
		49C8D298280E90DB00FCFF25 /* HiveUITests */ = {
			isa = PBXNativeTarget;
			buildConfigurationList = 49C8D2A8280E90DB00FCFF25 /* Build configuration list for PBXNativeTarget "HiveUITests" */;
			buildPhases = (
				D4D2DD20ED030909145D8CD8 /* [CP] Check Pods Manifest.lock */,
				49C8D295280E90DB00FCFF25 /* Sources */,
				49C8D296280E90DB00FCFF25 /* Frameworks */,
				49C8D297280E90DB00FCFF25 /* Resources */,
				B23E78C7C99B394B45F1340E /* [CP] Embed Pods Frameworks */,
			);
			buildRules = (
			);
			dependencies = (
				49C8D29B280E90DB00FCFF25 /* PBXTargetDependency */,
			);
			name = HiveUITests;
			productName = HiveUITests;
			productReference = 49C8D299280E90DB00FCFF25 /* HiveUITests.xctest */;
			productType = "com.apple.product-type.bundle.ui-testing";
		};
/* End PBXNativeTarget section */

/* Begin PBXProject section */
		49C8D270280E90D800FCFF25 /* Project object */ = {
			isa = PBXProject;
			attributes = {
				LastSwiftUpdateCheck = 1250;
				LastUpgradeCheck = 1250;
				TargetAttributes = {
					49C8D277280E90D800FCFF25 = {
						CreatedOnToolsVersion = 12.5.1;
					};
					49C8D28D280E90DB00FCFF25 = {
						CreatedOnToolsVersion = 12.5.1;
						TestTargetID = 49C8D277280E90D800FCFF25;
					};
					49C8D298280E90DB00FCFF25 = {
						CreatedOnToolsVersion = 12.5.1;
						TestTargetID = 49C8D277280E90D800FCFF25;
					};
				};
			};
			buildConfigurationList = 49C8D273280E90D800FCFF25 /* Build configuration list for PBXProject "Hive" */;
			compatibilityVersion = "Xcode 9.3";
			developmentRegion = en;
			hasScannedForEncodings = 0;
			knownRegions = (
				en,
				Base,
			);
			mainGroup = 49C8D26F280E90D800FCFF25;
			productRefGroup = 49C8D279280E90D800FCFF25 /* Products */;
			projectDirPath = "";
			projectRoot = "";
			targets = (
				49C8D277280E90D800FCFF25 /* Hive */,
				49C8D28D280E90DB00FCFF25 /* HiveTests */,
				49C8D298280E90DB00FCFF25 /* HiveUITests */,
			);
		};
/* End PBXProject section */

/* Begin PBXResourcesBuildPhase section */
		49C8D276280E90D800FCFF25 /* Resources */ = {
			isa = PBXResourcesBuildPhase;
			buildActionMask = 2147483647;
			files = (
				49C8D288280E90DA00FCFF25 /* LaunchScreen.storyboard in Resources */,
				49ADE39D281147AF0082FDDC /* FooterView.xib in Resources */,
				49C8D285280E90DA00FCFF25 /* Assets.xcassets in Resources */,
				49C8D283280E90D800FCFF25 /* Main.storyboard in Resources */,
			);
			runOnlyForDeploymentPostprocessing = 0;
		};
		49C8D28C280E90DB00FCFF25 /* Resources */ = {
			isa = PBXResourcesBuildPhase;
			buildActionMask = 2147483647;
			files = (
			);
			runOnlyForDeploymentPostprocessing = 0;
		};
		49C8D297280E90DB00FCFF25 /* Resources */ = {
			isa = PBXResourcesBuildPhase;
			buildActionMask = 2147483647;
			files = (
			);
			runOnlyForDeploymentPostprocessing = 0;
		};
/* End PBXResourcesBuildPhase section */

/* Begin PBXShellScriptBuildPhase section */
		6174DD12C706634632734170 /* [CP] Embed Pods Frameworks */ = {
			isa = PBXShellScriptBuildPhase;
			buildActionMask = 2147483647;
			files = (
			);
			inputFileListPaths = (
				"${PODS_ROOT}/Target Support Files/Pods-Hive/Pods-Hive-frameworks-${CONFIGURATION}-input-files.xcfilelist",
			);
			name = "[CP] Embed Pods Frameworks";
			outputFileListPaths = (
				"${PODS_ROOT}/Target Support Files/Pods-Hive/Pods-Hive-frameworks-${CONFIGURATION}-output-files.xcfilelist",
			);
			runOnlyForDeploymentPostprocessing = 0;
			shellPath = /bin/sh;
			shellScript = "\"${PODS_ROOT}/Target Support Files/Pods-Hive/Pods-Hive-frameworks.sh\"\n";
			showEnvVarsInLog = 0;
		};
		ABEFBA6C096CC25ABCBFBCC8 /* [CP] Check Pods Manifest.lock */ = {
			isa = PBXShellScriptBuildPhase;
			buildActionMask = 2147483647;
			files = (
			);
			inputFileListPaths = (
			);
			inputPaths = (
				"${PODS_PODFILE_DIR_PATH}/Podfile.lock",
				"${PODS_ROOT}/Manifest.lock",
			);
			name = "[CP] Check Pods Manifest.lock";
			outputFileListPaths = (
			);
			outputPaths = (
				"$(DERIVED_FILE_DIR)/Pods-HiveTests-checkManifestLockResult.txt",
			);
			runOnlyForDeploymentPostprocessing = 0;
			shellPath = /bin/sh;
			shellScript = "diff \"${PODS_PODFILE_DIR_PATH}/Podfile.lock\" \"${PODS_ROOT}/Manifest.lock\" > /dev/null\nif [ $? != 0 ] ; then\n    # print error to STDERR\n    echo \"error: The sandbox is not in sync with the Podfile.lock. Run 'pod install' or update your CocoaPods installation.\" >&2\n    exit 1\nfi\n# This output is used by Xcode 'outputs' to avoid re-running this script phase.\necho \"SUCCESS\" > \"${SCRIPT_OUTPUT_FILE_0}\"\n";
			showEnvVarsInLog = 0;
		};
		B23E78C7C99B394B45F1340E /* [CP] Embed Pods Frameworks */ = {
			isa = PBXShellScriptBuildPhase;
			buildActionMask = 2147483647;
			files = (
			);
			inputFileListPaths = (
				"${PODS_ROOT}/Target Support Files/Pods-Hive-HiveUITests/Pods-Hive-HiveUITests-frameworks-${CONFIGURATION}-input-files.xcfilelist",
			);
			name = "[CP] Embed Pods Frameworks";
			outputFileListPaths = (
				"${PODS_ROOT}/Target Support Files/Pods-Hive-HiveUITests/Pods-Hive-HiveUITests-frameworks-${CONFIGURATION}-output-files.xcfilelist",
			);
			runOnlyForDeploymentPostprocessing = 0;
			shellPath = /bin/sh;
			shellScript = "\"${PODS_ROOT}/Target Support Files/Pods-Hive-HiveUITests/Pods-Hive-HiveUITests-frameworks.sh\"\n";
			showEnvVarsInLog = 0;
		};
		D4D2DD20ED030909145D8CD8 /* [CP] Check Pods Manifest.lock */ = {
			isa = PBXShellScriptBuildPhase;
			buildActionMask = 2147483647;
			files = (
			);
			inputFileListPaths = (
			);
			inputPaths = (
				"${PODS_PODFILE_DIR_PATH}/Podfile.lock",
				"${PODS_ROOT}/Manifest.lock",
			);
			name = "[CP] Check Pods Manifest.lock";
			outputFileListPaths = (
			);
			outputPaths = (
				"$(DERIVED_FILE_DIR)/Pods-Hive-HiveUITests-checkManifestLockResult.txt",
			);
			runOnlyForDeploymentPostprocessing = 0;
			shellPath = /bin/sh;
			shellScript = "diff \"${PODS_PODFILE_DIR_PATH}/Podfile.lock\" \"${PODS_ROOT}/Manifest.lock\" > /dev/null\nif [ $? != 0 ] ; then\n    # print error to STDERR\n    echo \"error: The sandbox is not in sync with the Podfile.lock. Run 'pod install' or update your CocoaPods installation.\" >&2\n    exit 1\nfi\n# This output is used by Xcode 'outputs' to avoid re-running this script phase.\necho \"SUCCESS\" > \"${SCRIPT_OUTPUT_FILE_0}\"\n";
			showEnvVarsInLog = 0;
		};
		DF57A2EDA5B4F8CF4EA2DF98 /* [CP] Check Pods Manifest.lock */ = {
			isa = PBXShellScriptBuildPhase;
			buildActionMask = 2147483647;
			files = (
			);
			inputFileListPaths = (
			);
			inputPaths = (
				"${PODS_PODFILE_DIR_PATH}/Podfile.lock",
				"${PODS_ROOT}/Manifest.lock",
			);
			name = "[CP] Check Pods Manifest.lock";
			outputFileListPaths = (
			);
			outputPaths = (
				"$(DERIVED_FILE_DIR)/Pods-Hive-checkManifestLockResult.txt",
			);
			runOnlyForDeploymentPostprocessing = 0;
			shellPath = /bin/sh;
			shellScript = "diff \"${PODS_PODFILE_DIR_PATH}/Podfile.lock\" \"${PODS_ROOT}/Manifest.lock\" > /dev/null\nif [ $? != 0 ] ; then\n    # print error to STDERR\n    echo \"error: The sandbox is not in sync with the Podfile.lock. Run 'pod install' or update your CocoaPods installation.\" >&2\n    exit 1\nfi\n# This output is used by Xcode 'outputs' to avoid re-running this script phase.\necho \"SUCCESS\" > \"${SCRIPT_OUTPUT_FILE_0}\"\n";
			showEnvVarsInLog = 0;
		};
/* End PBXShellScriptBuildPhase section */

/* Begin PBXSourcesBuildPhase section */
		49C8D274280E90D800FCFF25 /* Sources */ = {
			isa = PBXSourcesBuildPhase;
			buildActionMask = 2147483647;
			files = (
				49ADE38C2811170F0082FDDC /* Order+CoreDataProperties.swift in Sources */,
				49C8D2C3280F0DCE00FCFF25 /* ProductResponse.swift in Sources */,
				49772457280FEB9F00CA0ECC /* SementControlExtension.swift in Sources */,
				49C8D2AC280EA70B00FCFF25 /* LoginViewController.swift in Sources */,
				49ADE37C28110BAB0082FDDC /* OrderDetail+CoreDataClass.swift in Sources */,
				49772455280FB96C00CA0ECC /* ProductDetailViewController.swift in Sources */,
				49ADE38D2811170F0082FDDC /* OrderProduct+CoreDataClass.swift in Sources */,
				4977245B2810001A00CA0ECC /* ErrorCode.swift in Sources */,
				49ADE393281121A30082FDDC /* OrderItemTableViewCell.swift in Sources */,
				49ADE3A928119A960082FDDC /* ProductsViewControllerViewModel.swift in Sources */,
				49ADE3A328115D2F0082FDDC /* OrderEntity.swift in Sources */,
				49C8D2B2280EBC2900FCFF25 /* UITextFieldExtension.swift in Sources */,
				49ADE3A128115CAF0082FDDC /* OrderRequest.swift in Sources */,
				49ADE38E2811170F0082FDDC /* OrderDetail+CoreDataClass.swift in Sources */,
				49ADE38B2811170F0082FDDC /* Order+CoreDataClass.swift in Sources */,
				49772453280FADB700CA0ECC /* UserSession.swift in Sources */,
				49ADE37E28110BAB0082FDDC /* Order+CoreDataProperties.swift in Sources */,
				49ADE38028110BAB0082FDDC /* OrderProduct+CoreDataProperties.swift in Sources */,
				49ADE38328110C210082FDDC /* CoreDataHelper.swift in Sources */,
				49ADE391281120B70082FDDC /* OrderViewController.swift in Sources */,
				49ADE368281108CC0082FDDC /* Cart.xcdatamodeld in Sources */,
				49C8D2B8280EE2BC00FCFF25 /* ProductCollectionViewCell.swift in Sources */,
				49C8D2AF280EB2BC00FCFF25 /* ColourPalette.swift in Sources */,
				49C8D2BE280EEAFF00FCFF25 /* LoginResponse.swift in Sources */,
				49C8D280280E90D800FCFF25 /* ProductsViewController.swift in Sources */,
				49ADE37F28110BAB0082FDDC /* OrderProduct+CoreDataClass.swift in Sources */,
				49772451280FA31000CA0ECC /* KeychaingHelper.swift in Sources */,
				49C8D27C280E90D800FCFF25 /* AppDelegate.swift in Sources */,
				49C8D2BB280EE79000FCFF25 /* DataRepository.swift in Sources */,
				49ADE3A528116F1E0082FDDC /* OrderCompleteViewController.swift in Sources */,
				49ADE38F2811170F0082FDDC /* OrderProduct+CoreDataProperties.swift in Sources */,
				49ADE38128110BAB0082FDDC /* OrderDetail+CoreDataProperties.swift in Sources */,
				49ADE37D28110BAB0082FDDC /* Order+CoreDataClass.swift in Sources */,
				49C8D27E280E90D800FCFF25 /* SceneDelegate.swift in Sources */,
				49C8D2B5280EE1BE00FCFF25 /* Product.swift in Sources */,
				49C8D2C1280EF06900FCFF25 /* LoginRequest.swift in Sources */,
				49ADE38A2811170F0082FDDC /* OrderDetail+CoreDataProperties.swift in Sources */,
				49ADE39F281151590082FDDC /* AlertDisplayer.swift in Sources */,
				49ADE39B281147A00082FDDC /* FooterView.swift in Sources */,
			);
			runOnlyForDeploymentPostprocessing = 0;
		};
		49C8D28A280E90DB00FCFF25 /* Sources */ = {
			isa = PBXSourcesBuildPhase;
			buildActionMask = 2147483647;
			files = (
				49C8D293280E90DB00FCFF25 /* HiveTests.swift in Sources */,
			);
			runOnlyForDeploymentPostprocessing = 0;
		};
		49C8D295280E90DB00FCFF25 /* Sources */ = {
			isa = PBXSourcesBuildPhase;
			buildActionMask = 2147483647;
			files = (
				49C8D29E280E90DB00FCFF25 /* HiveUITests.swift in Sources */,
			);
			runOnlyForDeploymentPostprocessing = 0;
		};
/* End PBXSourcesBuildPhase section */

/* Begin PBXTargetDependency section */
		49C8D290280E90DB00FCFF25 /* PBXTargetDependency */ = {
			isa = PBXTargetDependency;
			target = 49C8D277280E90D800FCFF25 /* Hive */;
			targetProxy = 49C8D28F280E90DB00FCFF25 /* PBXContainerItemProxy */;
		};
		49C8D29B280E90DB00FCFF25 /* PBXTargetDependency */ = {
			isa = PBXTargetDependency;
			target = 49C8D277280E90D800FCFF25 /* Hive */;
			targetProxy = 49C8D29A280E90DB00FCFF25 /* PBXContainerItemProxy */;
		};
/* End PBXTargetDependency section */

/* Begin PBXVariantGroup section */
		49C8D281280E90D800FCFF25 /* Main.storyboard */ = {
			isa = PBXVariantGroup;
			children = (
				49C8D282280E90D800FCFF25 /* Base */,
			);
			name = Main.storyboard;
			sourceTree = "<group>";
		};
		49C8D286280E90DA00FCFF25 /* LaunchScreen.storyboard */ = {
			isa = PBXVariantGroup;
			children = (
				49C8D287280E90DA00FCFF25 /* Base */,
			);
			name = LaunchScreen.storyboard;
			sourceTree = "<group>";
		};
/* End PBXVariantGroup section */

/* Begin XCBuildConfiguration section */
		49C8D2A0280E90DB00FCFF25 /* Debug */ = {
			isa = XCBuildConfiguration;
			buildSettings = {
				ALWAYS_SEARCH_USER_PATHS = NO;
				CLANG_ANALYZER_NONNULL = YES;
				CLANG_ANALYZER_NUMBER_OBJECT_CONVERSION = YES_AGGRESSIVE;
				CLANG_CXX_LANGUAGE_STANDARD = "gnu++14";
				CLANG_CXX_LIBRARY = "libc++";
				CLANG_ENABLE_MODULES = YES;
				CLANG_ENABLE_OBJC_ARC = YES;
				CLANG_ENABLE_OBJC_WEAK = YES;
				CLANG_WARN_BLOCK_CAPTURE_AUTORELEASING = YES;
				CLANG_WARN_BOOL_CONVERSION = YES;
				CLANG_WARN_COMMA = YES;
				CLANG_WARN_CONSTANT_CONVERSION = YES;
				CLANG_WARN_DEPRECATED_OBJC_IMPLEMENTATIONS = YES;
				CLANG_WARN_DIRECT_OBJC_ISA_USAGE = YES_ERROR;
				CLANG_WARN_DOCUMENTATION_COMMENTS = YES;
				CLANG_WARN_EMPTY_BODY = YES;
				CLANG_WARN_ENUM_CONVERSION = YES;
				CLANG_WARN_INFINITE_RECURSION = YES;
				CLANG_WARN_INT_CONVERSION = YES;
				CLANG_WARN_NON_LITERAL_NULL_CONVERSION = YES;
				CLANG_WARN_OBJC_IMPLICIT_RETAIN_SELF = YES;
				CLANG_WARN_OBJC_LITERAL_CONVERSION = YES;
				CLANG_WARN_OBJC_ROOT_CLASS = YES_ERROR;
				CLANG_WARN_QUOTED_INCLUDE_IN_FRAMEWORK_HEADER = YES;
				CLANG_WARN_RANGE_LOOP_ANALYSIS = YES;
				CLANG_WARN_STRICT_PROTOTYPES = YES;
				CLANG_WARN_SUSPICIOUS_MOVE = YES;
				CLANG_WARN_UNGUARDED_AVAILABILITY = YES_AGGRESSIVE;
				CLANG_WARN_UNREACHABLE_CODE = YES;
				CLANG_WARN__DUPLICATE_METHOD_MATCH = YES;
				COPY_PHASE_STRIP = NO;
				DEBUG_INFORMATION_FORMAT = dwarf;
				ENABLE_STRICT_OBJC_MSGSEND = YES;
				ENABLE_TESTABILITY = YES;
				GCC_C_LANGUAGE_STANDARD = gnu11;
				GCC_DYNAMIC_NO_PIC = NO;
				GCC_NO_COMMON_BLOCKS = YES;
				GCC_OPTIMIZATION_LEVEL = 0;
				GCC_PREPROCESSOR_DEFINITIONS = (
					"DEBUG=1",
					"$(inherited)",
				);
				GCC_WARN_64_TO_32_BIT_CONVERSION = YES;
				GCC_WARN_ABOUT_RETURN_TYPE = YES_ERROR;
				GCC_WARN_UNDECLARED_SELECTOR = YES;
				GCC_WARN_UNINITIALIZED_AUTOS = YES_AGGRESSIVE;
				GCC_WARN_UNUSED_FUNCTION = YES;
				GCC_WARN_UNUSED_VARIABLE = YES;
				IPHONEOS_DEPLOYMENT_TARGET = 14.5;
				MTL_ENABLE_DEBUG_INFO = INCLUDE_SOURCE;
				MTL_FAST_MATH = YES;
				ONLY_ACTIVE_ARCH = YES;
				SDKROOT = iphoneos;
				SWIFT_ACTIVE_COMPILATION_CONDITIONS = DEBUG;
				SWIFT_OPTIMIZATION_LEVEL = "-Onone";
			};
			name = Debug;
		};
		49C8D2A1280E90DB00FCFF25 /* Release */ = {
			isa = XCBuildConfiguration;
			buildSettings = {
				ALWAYS_SEARCH_USER_PATHS = NO;
				CLANG_ANALYZER_NONNULL = YES;
				CLANG_ANALYZER_NUMBER_OBJECT_CONVERSION = YES_AGGRESSIVE;
				CLANG_CXX_LANGUAGE_STANDARD = "gnu++14";
				CLANG_CXX_LIBRARY = "libc++";
				CLANG_ENABLE_MODULES = YES;
				CLANG_ENABLE_OBJC_ARC = YES;
				CLANG_ENABLE_OBJC_WEAK = YES;
				CLANG_WARN_BLOCK_CAPTURE_AUTORELEASING = YES;
				CLANG_WARN_BOOL_CONVERSION = YES;
				CLANG_WARN_COMMA = YES;
				CLANG_WARN_CONSTANT_CONVERSION = YES;
				CLANG_WARN_DEPRECATED_OBJC_IMPLEMENTATIONS = YES;
				CLANG_WARN_DIRECT_OBJC_ISA_USAGE = YES_ERROR;
				CLANG_WARN_DOCUMENTATION_COMMENTS = YES;
				CLANG_WARN_EMPTY_BODY = YES;
				CLANG_WARN_ENUM_CONVERSION = YES;
				CLANG_WARN_INFINITE_RECURSION = YES;
				CLANG_WARN_INT_CONVERSION = YES;
				CLANG_WARN_NON_LITERAL_NULL_CONVERSION = YES;
				CLANG_WARN_OBJC_IMPLICIT_RETAIN_SELF = YES;
				CLANG_WARN_OBJC_LITERAL_CONVERSION = YES;
				CLANG_WARN_OBJC_ROOT_CLASS = YES_ERROR;
				CLANG_WARN_QUOTED_INCLUDE_IN_FRAMEWORK_HEADER = YES;
				CLANG_WARN_RANGE_LOOP_ANALYSIS = YES;
				CLANG_WARN_STRICT_PROTOTYPES = YES;
				CLANG_WARN_SUSPICIOUS_MOVE = YES;
				CLANG_WARN_UNGUARDED_AVAILABILITY = YES_AGGRESSIVE;
				CLANG_WARN_UNREACHABLE_CODE = YES;
				CLANG_WARN__DUPLICATE_METHOD_MATCH = YES;
				COPY_PHASE_STRIP = NO;
				DEBUG_INFORMATION_FORMAT = "dwarf-with-dsym";
				ENABLE_NS_ASSERTIONS = NO;
				ENABLE_STRICT_OBJC_MSGSEND = YES;
				GCC_C_LANGUAGE_STANDARD = gnu11;
				GCC_NO_COMMON_BLOCKS = YES;
				GCC_WARN_64_TO_32_BIT_CONVERSION = YES;
				GCC_WARN_ABOUT_RETURN_TYPE = YES_ERROR;
				GCC_WARN_UNDECLARED_SELECTOR = YES;
				GCC_WARN_UNINITIALIZED_AUTOS = YES_AGGRESSIVE;
				GCC_WARN_UNUSED_FUNCTION = YES;
				GCC_WARN_UNUSED_VARIABLE = YES;
				IPHONEOS_DEPLOYMENT_TARGET = 14.5;
				MTL_ENABLE_DEBUG_INFO = NO;
				MTL_FAST_MATH = YES;
				SDKROOT = iphoneos;
				SWIFT_COMPILATION_MODE = wholemodule;
				SWIFT_OPTIMIZATION_LEVEL = "-O";
				VALIDATE_PRODUCT = YES;
			};
			name = Release;
		};
		49C8D2A3280E90DB00FCFF25 /* Debug */ = {
			isa = XCBuildConfiguration;
			baseConfigurationReference = 7FBEA45C43BA1C7746048182 /* Pods-Hive.debug.xcconfig */;
			buildSettings = {
				ASSETCATALOG_COMPILER_APPICON_NAME = AppIcon;
				ASSETCATALOG_COMPILER_GLOBAL_ACCENT_COLOR_NAME = AccentColor;
				CODE_SIGN_STYLE = Automatic;
				INFOPLIST_FILE = Hive/Info.plist;
				LD_RUNPATH_SEARCH_PATHS = (
					"$(inherited)",
					"@executable_path/Frameworks",
				);
				PRODUCT_BUNDLE_IDENTIFIER = com.seint.Hive;
				PRODUCT_NAME = "$(TARGET_NAME)";
				SWIFT_VERSION = 5.0;
				TARGETED_DEVICE_FAMILY = "1,2";
			};
			name = Debug;
		};
		49C8D2A4280E90DB00FCFF25 /* Release */ = {
			isa = XCBuildConfiguration;
			baseConfigurationReference = A075416693F36FF8AC578A76 /* Pods-Hive.release.xcconfig */;
			buildSettings = {
				ASSETCATALOG_COMPILER_APPICON_NAME = AppIcon;
				ASSETCATALOG_COMPILER_GLOBAL_ACCENT_COLOR_NAME = AccentColor;
				CODE_SIGN_STYLE = Automatic;
				INFOPLIST_FILE = Hive/Info.plist;
				LD_RUNPATH_SEARCH_PATHS = (
					"$(inherited)",
					"@executable_path/Frameworks",
				);
				PRODUCT_BUNDLE_IDENTIFIER = com.seint.Hive;
				PRODUCT_NAME = "$(TARGET_NAME)";
				SWIFT_VERSION = 5.0;
				TARGETED_DEVICE_FAMILY = "1,2";
			};
			name = Release;
		};
		49C8D2A6280E90DB00FCFF25 /* Debug */ = {
			isa = XCBuildConfiguration;
			baseConfigurationReference = 6E88104FED51F5EE4FE2E651 /* Pods-HiveTests.debug.xcconfig */;
			buildSettings = {
				ALWAYS_EMBED_SWIFT_STANDARD_LIBRARIES = YES;
				BUNDLE_LOADER = "$(TEST_HOST)";
				CODE_SIGN_STYLE = Automatic;
				INFOPLIST_FILE = HiveTests/Info.plist;
				IPHONEOS_DEPLOYMENT_TARGET = 14.5;
				LD_RUNPATH_SEARCH_PATHS = (
					"$(inherited)",
					"@executable_path/Frameworks",
					"@loader_path/Frameworks",
				);
				PRODUCT_BUNDLE_IDENTIFIER = com.seint.HiveTests;
				PRODUCT_NAME = "$(TARGET_NAME)";
				SWIFT_VERSION = 5.0;
				TARGETED_DEVICE_FAMILY = "1,2";
				TEST_HOST = "$(BUILT_PRODUCTS_DIR)/Hive.app/Hive";
			};
			name = Debug;
		};
		49C8D2A7280E90DB00FCFF25 /* Release */ = {
			isa = XCBuildConfiguration;
			baseConfigurationReference = 81FBD80EE7C179F13B6CECFB /* Pods-HiveTests.release.xcconfig */;
			buildSettings = {
				ALWAYS_EMBED_SWIFT_STANDARD_LIBRARIES = YES;
				BUNDLE_LOADER = "$(TEST_HOST)";
				CODE_SIGN_STYLE = Automatic;
				INFOPLIST_FILE = HiveTests/Info.plist;
				IPHONEOS_DEPLOYMENT_TARGET = 14.5;
				LD_RUNPATH_SEARCH_PATHS = (
					"$(inherited)",
					"@executable_path/Frameworks",
					"@loader_path/Frameworks",
				);
				PRODUCT_BUNDLE_IDENTIFIER = com.seint.HiveTests;
				PRODUCT_NAME = "$(TARGET_NAME)";
				SWIFT_VERSION = 5.0;
				TARGETED_DEVICE_FAMILY = "1,2";
				TEST_HOST = "$(BUILT_PRODUCTS_DIR)/Hive.app/Hive";
			};
			name = Release;
		};
		49C8D2A9280E90DB00FCFF25 /* Debug */ = {
			isa = XCBuildConfiguration;
			baseConfigurationReference = AA2879A1F1A01FC96953BAA3 /* Pods-Hive-HiveUITests.debug.xcconfig */;
			buildSettings = {
				ALWAYS_EMBED_SWIFT_STANDARD_LIBRARIES = YES;
				CODE_SIGN_STYLE = Automatic;
				INFOPLIST_FILE = HiveUITests/Info.plist;
				LD_RUNPATH_SEARCH_PATHS = (
					"$(inherited)",
					"@executable_path/Frameworks",
					"@loader_path/Frameworks",
				);
				PRODUCT_BUNDLE_IDENTIFIER = com.seint.HiveUITests;
				PRODUCT_NAME = "$(TARGET_NAME)";
				SWIFT_VERSION = 5.0;
				TARGETED_DEVICE_FAMILY = "1,2";
				TEST_TARGET_NAME = Hive;
			};
			name = Debug;
		};
		49C8D2AA280E90DB00FCFF25 /* Release */ = {
			isa = XCBuildConfiguration;
			baseConfigurationReference = 615C9746D7159334F6E9ED7C /* Pods-Hive-HiveUITests.release.xcconfig */;
			buildSettings = {
				ALWAYS_EMBED_SWIFT_STANDARD_LIBRARIES = YES;
				CODE_SIGN_STYLE = Automatic;
				INFOPLIST_FILE = HiveUITests/Info.plist;
				LD_RUNPATH_SEARCH_PATHS = (
					"$(inherited)",
					"@executable_path/Frameworks",
					"@loader_path/Frameworks",
				);
				PRODUCT_BUNDLE_IDENTIFIER = com.seint.HiveUITests;
				PRODUCT_NAME = "$(TARGET_NAME)";
				SWIFT_VERSION = 5.0;
				TARGETED_DEVICE_FAMILY = "1,2";
				TEST_TARGET_NAME = Hive;
			};
			name = Release;
		};
/* End XCBuildConfiguration section */

/* Begin XCConfigurationList section */
		49C8D273280E90D800FCFF25 /* Build configuration list for PBXProject "Hive" */ = {
			isa = XCConfigurationList;
			buildConfigurations = (
				49C8D2A0280E90DB00FCFF25 /* Debug */,
				49C8D2A1280E90DB00FCFF25 /* Release */,
			);
			defaultConfigurationIsVisible = 0;
			defaultConfigurationName = Release;
		};
		49C8D2A2280E90DB00FCFF25 /* Build configuration list for PBXNativeTarget "Hive" */ = {
			isa = XCConfigurationList;
			buildConfigurations = (
				49C8D2A3280E90DB00FCFF25 /* Debug */,
				49C8D2A4280E90DB00FCFF25 /* Release */,
			);
			defaultConfigurationIsVisible = 0;
			defaultConfigurationName = Release;
		};
		49C8D2A5280E90DB00FCFF25 /* Build configuration list for PBXNativeTarget "HiveTests" */ = {
			isa = XCConfigurationList;
			buildConfigurations = (
				49C8D2A6280E90DB00FCFF25 /* Debug */,
				49C8D2A7280E90DB00FCFF25 /* Release */,
			);
			defaultConfigurationIsVisible = 0;
			defaultConfigurationName = Release;
		};
		49C8D2A8280E90DB00FCFF25 /* Build configuration list for PBXNativeTarget "HiveUITests" */ = {
			isa = XCConfigurationList;
			buildConfigurations = (
				49C8D2A9280E90DB00FCFF25 /* Debug */,
				49C8D2AA280E90DB00FCFF25 /* Release */,
			);
			defaultConfigurationIsVisible = 0;
			defaultConfigurationName = Release;
		};
/* End XCConfigurationList section */

/* Begin XCVersionGroup section */
		49ADE366281108CC0082FDDC /* Cart.xcdatamodeld */ = {
			isa = XCVersionGroup;
			children = (
				49ADE367281108CC0082FDDC /* Cart.xcdatamodel */,
			);
			currentVersion = 49ADE367281108CC0082FDDC /* Cart.xcdatamodel */;
			path = Cart.xcdatamodeld;
			sourceTree = "<group>";
			versionGroupType = wrapper.xcdatamodel;
		};
/* End XCVersionGroup section */
	};
	rootObject = 49C8D270280E90D800FCFF25 /* Project object */;
}
